
Microsoft Visual Studio Solution File, Format Version 12.00
# Visual Studio Version 17
VisualStudioVersion = 17.1.32421.90
MinimumVisualStudioVersion = 10.0.40219.1
Project("{FAE04EC0-301F-11D3-BF4B-00C04F79EFBC}") = "teen-patti.console", "teen-patti\teen-patti.console.csproj", "{93379C2B-B1AF-4615-A298-4FA1BC074CD5}"
EndProject
Project("{FAE04EC0-301F-11D3-BF4B-00C04F79EFBC}") = "teen-patti.engine", "teen-patti.engine\teen-patti.engine.csproj", "{6BA681A8-4E3C-4F51-9EDF-D07D9258753F}"
EndProject
Global
	GlobalSection(SolutionConfigurationPlatforms) = preSolution
		Debug|Any CPU = Debug|Any CPU
		Release|Any CPU = Release|Any CPU
	EndGlobalSection
	GlobalSection(ProjectConfigurationPlatforms) = postSolution
		{93379C2B-B1AF-4615-A298-4FA1BC074CD5}.Debug|Any CPU.ActiveCfg = Debug|Any CPU
		{93379C2B-B1AF-4615-A298-4FA1BC074CD5}.Debug|Any CPU.Build.0 = Debug|Any CPU
		{93379C2B-B1AF-4615-A298-4FA1BC074CD5}.Release|Any CPU.ActiveCfg = Release|Any CPU
		{93379C2B-B1AF-4615-A298-4FA1BC074CD5}.Release|Any CPU.Build.0 = Release|Any CPU
		{6BA681A8-4E3C-4F51-9EDF-D07D9258753F}.Debug|Any CPU.ActiveCfg = Debug|Any CPU
		{6BA681A8-4E3C-4F51-9EDF-D07D9258753F}.Debug|Any CPU.Build.0 = Debug|Any CPU
		{6BA681A8-4E3C-4F51-9EDF-D07D9258753F}.Release|Any CPU.ActiveCfg = Release|Any CPU
		{6BA681A8-4E3C-4F51-9EDF-D07D9258753F}.Release|Any CPU.Build.0 = Release|Any CPU
	EndGlobalSection
	GlobalSection(SolutionProperties) = preSolution
		HideSolutionNode = FALSE
	EndGlobalSection
	GlobalSection(ExtensibilityGlobals) = postSolution
		SolutionGuid = {93CB7AA9-ABF9-4F33-9069-634A57D3B5B2}
	EndGlobalSection
EndGlobal
